// !$*UTF8*$!
{
	archiveVersion = 1;
	classes = {
	};
	objectVersion = 48;
	objects = {

/* Begin PBXBuildFile section */
		493E70691FF3846D000A97A4 /* AppDelegate.m in Sources */ = {isa = PBXBuildFile; fileRef = 493E70681FF3846D000A97A4 /* AppDelegate.m */; };
		493E706C1FF3846D000A97A4 /* ViewController.m in Sources */ = {isa = PBXBuildFile; fileRef = 493E706B1FF3846D000A97A4 /* ViewController.m */; };
		493E706F1FF3846D000A97A4 /* Main.storyboard in Resources */ = {isa = PBXBuildFile; fileRef = 493E706D1FF3846D000A97A4 /* Main.storyboard */; };
		493E70711FF3846D000A97A4 /* Assets.xcassets in Resources */ = {isa = PBXBuildFile; fileRef = 493E70701FF3846D000A97A4 /* Assets.xcassets */; };
		493E70741FF3846D000A97A4 /* LaunchScreen.storyboard in Resources */ = {isa = PBXBuildFile; fileRef = 493E70721FF3846D000A97A4 /* LaunchScreen.storyboard */; };
		493E70771FF3846D000A97A4 /* main.m in Sources */ = {isa = PBXBuildFile; fileRef = 493E70761FF3846D000A97A4 /* main.m */; };
		493E70811FF3846D000A97A4 /* DPGCDTimer_DemoTests.m in Sources */ = {isa = PBXBuildFile; fileRef = 493E70801FF3846D000A97A4 /* DPGCDTimer_DemoTests.m */; };
		493E708C1FF3846D000A97A4 /* DPGCDTimer_DemoUITests.m in Sources */ = {isa = PBXBuildFile; fileRef = 493E708B1FF3846D000A97A4 /* DPGCDTimer_DemoUITests.m */; };
		493E709C1FF38484000A97A4 /* DPGCDTimer.m in Sources */ = {isa = PBXBuildFile; fileRef = 493E709B1FF38484000A97A4 /* DPGCDTimer.m */; };
/* End PBXBuildFile section */

/* Begin PBXContainerItemProxy section */
		493E707D1FF3846D000A97A4 /* PBXContainerItemProxy */ = {
			isa = PBXContainerItemProxy;
			containerPortal = 493E705C1FF3846D000A97A4 /* Project object */;
			proxyType = 1;
			remoteGlobalIDString = 493E70631FF3846D000A97A4;
			remoteInfo = DPGCDTimer_Demo;
		};
		493E70881FF3846D000A97A4 /* PBXContainerItemProxy */ = {
			isa = PBXContainerItemProxy;
			containerPortal = 493E705C1FF3846D000A97A4 /* Project object */;
			proxyType = 1;
			remoteGlobalIDString = 493E70631FF3846D000A97A4;
			remoteInfo = DPGCDTimer_Demo;
		};
/* End PBXContainerItemProxy section */

/* Begin PBXFileReference section */
		493E70641FF3846D000A97A4 /* DPGCDTimer_Demo.app */ = {isa = PBXFileReference; explicitFileType = wrapper.application; includeInIndex = 0; path = DPGCDTimer_Demo.app; sourceTree = BUILT_PRODUCTS_DIR; };
		493E70671FF3846D000A97A4 /* AppDelegate.h */ = {isa = PBXFileReference; lastKnownFileType = sourcecode.c.h; path = AppDelegate.h; sourceTree = "<group>"; };
		493E70681FF3846D000A97A4 /* AppDelegate.m */ = {isa = PBXFileReference; lastKnownFileType = sourcecode.c.objc; path = AppDelegate.m; sourceTree = "<group>"; };
		493E706A1FF3846D000A97A4 /* ViewController.h */ = {isa = PBXFileReference; lastKnownFileType = sourcecode.c.h; path = ViewController.h; sourceTree = "<group>"; };
		493E706B1FF3846D000A97A4 /* ViewController.m */ = {isa = PBXFileReference; lastKnownFileType = sourcecode.c.objc; path = ViewController.m; sourceTree = "<group>"; };
		493E706E1FF3846D000A97A4 /* Base */ = {isa = PBXFileReference; lastKnownFileType = file.storyboard; name = Base; path = Base.lproj/Main.storyboard; sourceTree = "<group>"; };
		493E70701FF3846D000A97A4 /* Assets.xcassets */ = {isa = PBXFileReference; lastKnownFileType = folder.assetcatalog; path = Assets.xcassets; sourceTree = "<group>"; };
		493E70731FF3846D000A97A4 /* Base */ = {isa = PBXFileReference; lastKnownFileType = file.storyboard; name = Base; path = Base.lproj/LaunchScreen.storyboard; sourceTree = "<group>"; };
		493E70751FF3846D000A97A4 /* Info.plist */ = {isa = PBXFileReference; lastKnownFileType = text.plist.xml; path = Info.plist; sourceTree = "<group>"; };
		493E70761FF3846D000A97A4 /* main.m */ = {isa = PBXFileReference; lastKnownFileType = sourcecode.c.objc; path = main.m; sourceTree = "<group>"; };
		493E707C1FF3846D000A97A4 /* DPGCDTimer_DemoTests.xctest */ = {isa = PBXFileReference; explicitFileType = wrapper.cfbundle; includeInIndex = 0; path = DPGCDTimer_DemoTests.xctest; sourceTree = BUILT_PRODUCTS_DIR; };
		493E70801FF3846D000A97A4 /* DPGCDTimer_DemoTests.m */ = {isa = PBXFileReference; lastKnownFileType = sourcecode.c.objc; path = DPGCDTimer_DemoTests.m; sourceTree = "<group>"; };
		493E70821FF3846D000A97A4 /* Info.plist */ = {isa = PBXFileReference; lastKnownFileType = text.plist.xml; path = Info.plist; sourceTree = "<group>"; };
		493E70871FF3846D000A97A4 /* DPGCDTimer_DemoUITests.xctest */ = {isa = PBXFileReference; explicitFileType = wrapper.cfbundle; includeInIndex = 0; path = DPGCDTimer_DemoUITests.xctest; sourceTree = BUILT_PRODUCTS_DIR; };
		493E708B1FF3846D000A97A4 /* DPGCDTimer_DemoUITests.m */ = {isa = PBXFileReference; lastKnownFileType = sourcecode.c.objc; path = DPGCDTimer_DemoUITests.m; sourceTree = "<group>"; };
		493E708D1FF3846D000A97A4 /* Info.plist */ = {isa = PBXFileReference; lastKnownFileType = text.plist.xml; path = Info.plist; sourceTree = "<group>"; };
		493E709A1FF38484000A97A4 /* DPGCDTimer.h */ = {isa = PBXFileReference; fileEncoding = 4; lastKnownFileType = sourcecode.c.h; path = DPGCDTimer.h; sourceTree = "<group>"; };
		493E709B1FF38484000A97A4 /* DPGCDTimer.m */ = {isa = PBXFileReference; fileEncoding = 4; lastKnownFileType = sourcecode.c.objc; path = DPGCDTimer.m; sourceTree = "<group>"; };
/* End PBXFileReference section */

/* Begin PBXFrameworksBuildPhase section */
		493E70611FF3846D000A97A4 /* Frameworks */ = {
			isa = PBXFrameworksBuildPhase;
			buildActionMask = 2147483647;
			files = (
			);
			runOnlyForDeploymentPostprocessing = 0;
		};
		493E70791FF3846D000A97A4 /* Frameworks */ = {
			isa = PBXFrameworksBuildPhase;
			buildActionMask = 2147483647;
			files = (
			);
			runOnlyForDeploymentPostprocessing = 0;
		};
		493E70841FF3846D000A97A4 /* Frameworks */ = {
			isa = PBXFrameworksBuildPhase;
			buildActionMask = 2147483647;
			files = (
			);
			runOnlyForDeploymentPostprocessing = 0;
		};
/* End PBXFrameworksBuildPhase section */

/* Begin PBXGroup section */
		493E705B1FF3846D000A97A4 = {
			isa = PBXGroup;
			children = (
				493E70661FF3846D000A97A4 /* DPGCDTimer_Demo */,
				493E707F1FF3846D000A97A4 /* DPGCDTimer_DemoTests */,
				493E708A1FF3846D000A97A4 /* DPGCDTimer_DemoUITests */,
				493E70651FF3846D000A97A4 /* Products */,
			);
			sourceTree = "<group>";
		};
		493E70651FF3846D000A97A4 /* Products */ = {
			isa = PBXGroup;
			children = (
				493E70641FF3846D000A97A4 /* DPGCDTimer_Demo.app */,
				493E707C1FF3846D000A97A4 /* DPGCDTimer_DemoTests.xctest */,
				493E70871FF3846D000A97A4 /* DPGCDTimer_DemoUITests.xctest */,
			);
			name = Products;
			sourceTree = "<group>";
		};
		493E70661FF3846D000A97A4 /* DPGCDTimer_Demo */ = {
			isa = PBXGroup;
			children = (
				493E70991FF38471000A97A4 /* DPGCDTimer */,
				493E70671FF3846D000A97A4 /* AppDelegate.h */,
				493E70681FF3846D000A97A4 /* AppDelegate.m */,
				493E706A1FF3846D000A97A4 /* ViewController.h */,
				493E706B1FF3846D000A97A4 /* ViewController.m */,
				493E706D1FF3846D000A97A4 /* Main.storyboard */,
				493E70701FF3846D000A97A4 /* Assets.xcassets */,
				493E70721FF3846D000A97A4 /* LaunchScreen.storyboard */,
				493E70751FF3846D000A97A4 /* Info.plist */,
				493E70761FF3846D000A97A4 /* main.m */,
			);
			path = DPGCDTimer_Demo;
			sourceTree = "<group>";
		};
		493E707F1FF3846D000A97A4 /* DPGCDTimer_DemoTests */ = {
			isa = PBXGroup;
			children = (
				493E70801FF3846D000A97A4 /* DPGCDTimer_DemoTests.m */,
				493E70821FF3846D000A97A4 /* Info.plist */,
			);
			path = DPGCDTimer_DemoTests;
			sourceTree = "<group>";
		};
		493E708A1FF3846D000A97A4 /* DPGCDTimer_DemoUITests */ = {
			isa = PBXGroup;
			children = (
				493E708B1FF3846D000A97A4 /* DPGCDTimer_DemoUITests.m */,
				493E708D1FF3846D000A97A4 /* Info.plist */,
			);
			path = DPGCDTimer_DemoUITests;
			sourceTree = "<group>";
		};
		493E70991FF38471000A97A4 /* DPGCDTimer */ = {
			isa = PBXGroup;
			children = (
				493E709A1FF38484000A97A4 /* DPGCDTimer.h */,
				493E709B1FF38484000A97A4 /* DPGCDTimer.m */,
			);
			path = DPGCDTimer;
			sourceTree = "<group>";
		};
/* End PBXGroup section */

/* Begin PBXNativeTarget section */
		493E70631FF3846D000A97A4 /* DPGCDTimer_Demo */ = {
			isa = PBXNativeTarget;
			buildConfigurationList = 493E70901FF3846D000A97A4 /* Build configuration list for PBXNativeTarget "DPGCDTimer_Demo" */;
			buildPhases = (
				493E70601FF3846D000A97A4 /* Sources */,
				493E70611FF3846D000A97A4 /* Frameworks */,
				493E70621FF3846D000A97A4 /* Resources */,
			);
			buildRules = (
			);
			dependencies = (
			);
			name = DPGCDTimer_Demo;
			productName = DPGCDTimer_Demo;
			productReference = 493E70641FF3846D000A97A4 /* DPGCDTimer_Demo.app */;
			productType = "com.apple.product-type.application";
		};
		493E707B1FF3846D000A97A4 /* DPGCDTimer_DemoTests */ = {
			isa = PBXNativeTarget;
			buildConfigurationList = 493E70931FF3846D000A97A4 /* Build configuration list for PBXNativeTarget "DPGCDTimer_DemoTests" */;
			buildPhases = (
				493E70781FF3846D000A97A4 /* Sources */,
				493E70791FF3846D000A97A4 /* Frameworks */,
				493E707A1FF3846D000A97A4 /* Resources */,
			);
			buildRules = (
			);
			dependencies = (
				493E707E1FF3846D000A97A4 /* PBXTargetDependency */,
			);
			name = DPGCDTimer_DemoTests;
			productName = DPGCDTimer_DemoTests;
			productReference = 493E707C1FF3846D000A97A4 /* DPGCDTimer_DemoTests.xctest */;
			productType = "com.apple.product-type.bundle.unit-test";
		};
		493E70861FF3846D000A97A4 /* DPGCDTimer_DemoUITests */ = {
			isa = PBXNativeTarget;
			buildConfigurationList = 493E70961FF3846D000A97A4 /* Build configuration list for PBXNativeTarget "DPGCDTimer_DemoUITests" */;
			buildPhases = (
				493E70831FF3846D000A97A4 /* Sources */,
				493E70841FF3846D000A97A4 /* Frameworks */,
				493E70851FF3846D000A97A4 /* Resources */,
			);
			buildRules = (
			);
			dependencies = (
				493E70891FF3846D000A97A4 /* PBXTargetDependency */,
			);
			name = DPGCDTimer_DemoUITests;
			productName = DPGCDTimer_DemoUITests;
			productReference = 493E70871FF3846D000A97A4 /* DPGCDTimer_DemoUITests.xctest */;
			productType = "com.apple.product-type.bundle.ui-testing";
		};
/* End PBXNativeTarget section */

/* Begin PBXProject section */
		493E705C1FF3846D000A97A4 /* Project object */ = {
			isa = PBXProject;
			attributes = {
				LastUpgradeCheck = 0910;
				ORGANIZATIONNAME = Andrew;
				TargetAttributes = {
					493E70631FF3846D000A97A4 = {
						CreatedOnToolsVersion = 9.1;
						ProvisioningStyle = Automatic;
					};
					493E707B1FF3846D000A97A4 = {
						CreatedOnToolsVersion = 9.1;
						ProvisioningStyle = Automatic;
						TestTargetID = 493E70631FF3846D000A97A4;
					};
					493E70861FF3846D000A97A4 = {
						CreatedOnToolsVersion = 9.1;
						ProvisioningStyle = Automatic;
						TestTargetID = 493E70631FF3846D000A97A4;
					};
				};
			};
			buildConfigurationList = 493E705F1FF3846D000A97A4 /* Build configuration list for PBXProject "DPGCDTimer_Demo" */;
			compatibilityVersion = "Xcode 8.0";
			developmentRegion = en;
			hasScannedForEncodings = 0;
			knownRegions = (
				en,
				Base,
			);
			mainGroup = 493E705B1FF3846D000A97A4;
			productRefGroup = 493E70651FF3846D000A97A4 /* Products */;
			projectDirPath = "";
			projectRoot = "";
			targets = (
				493E70631FF3846D000A97A4 /* DPGCDTimer_Demo */,
				493E707B1FF3846D000A97A4 /* DPGCDTimer_DemoTests */,
				493E70861FF3846D000A97A4 /* DPGCDTimer_DemoUITests */,
			);
		};
/* End PBXProject section */

/* Begin PBXResourcesBuildPhase section */
		493E70621FF3846D000A97A4 /* Resources */ = {
			isa = PBXResourcesBuildPhase;
			buildActionMask = 2147483647;
			files = (
				493E70741FF3846D000A97A4 /* LaunchScreen.storyboard in Resources */,
				493E70711FF3846D000A97A4 /* Assets.xcassets in Resources */,
				493E706F1FF3846D000A97A4 /* Main.storyboard in Resources */,
			);
			runOnlyForDeploymentPostprocessing = 0;
		};
		493E707A1FF3846D000A97A4 /* Resources */ = {
			isa = PBXResourcesBuildPhase;
			buildActionMask = 2147483647;
			files = (
			);
			runOnlyForDeploymentPostprocessing = 0;
		};
		493E70851FF3846D000A97A4 /* Resources */ = {
			isa = PBXResourcesBuildPhase;
			buildActionMask = 2147483647;
			files = (
			);
			runOnlyForDeploymentPostprocessing = 0;
		};
/* End PBXResourcesBuildPhase section */

/* Begin PBXSourcesBuildPhase section */
		493E70601FF3846D000A97A4 /* Sources */ = {
			isa = PBXSourcesBuildPhase;
			buildActionMask = 2147483647;
			files = (
				493E706C1FF3846D000A97A4 /* ViewController.m in Sources */,
				493E70771FF3846D000A97A4 /* main.m in Sources */,
				493E709C1FF38484000A97A4 /* DPGCDTimer.m in Sources */,
				493E70691FF3846D000A97A4 /* AppDelegate.m in Sources */,
			);
			runOnlyForDeploymentPostprocessing = 0;
		};
		493E70781FF3846D000A97A4 /* Sources */ = {
			isa = PBXSourcesBuildPhase;
			buildActionMask = 2147483647;
			files = (
				493E70811FF3846D000A97A4 /* DPGCDTimer_DemoTests.m in Sources */,
			);
			runOnlyForDeploymentPostprocessing = 0;
		};
		493E70831FF3846D000A97A4 /* Sources */ = {
			isa = PBXSourcesBuildPhase;
			buildActionMask = 2147483647;
			files = (
				493E708C1FF3846D000A97A4 /* DPGCDTimer_DemoUITests.m in Sources */,
			);
			runOnlyForDeploymentPostprocessing = 0;
		};
/* End PBXSourcesBuildPhase section */

/* Begin PBXTargetDependency section */
		493E707E1FF3846D000A97A4 /* PBXTargetDependency */ = {
			isa = PBXTargetDependency;
			target = 493E70631FF3846D000A97A4 /* DPGCDTimer_Demo */;
			targetProxy = 493E707D1FF3846D000A97A4 /* PBXContainerItemProxy */;
		};
		493E70891FF3846D000A97A4 /* PBXTargetDependency */ = {
			isa = PBXTargetDependency;
			target = 493E70631FF3846D000A97A4 /* DPGCDTimer_Demo */;
			targetProxy = 493E70881FF3846D000A97A4 /* PBXContainerItemProxy */;
		};
/* End PBXTargetDependency section */

/* Begin PBXVariantGroup section */
		493E706D1FF3846D000A97A4 /* Main.storyboard */ = {
			isa = PBXVariantGroup;
			children = (
				493E706E1FF3846D000A97A4 /* Base */,
			);
			name = Main.storyboard;
			sourceTree = "<group>";
		};
		493E70721FF3846D000A97A4 /* LaunchScreen.storyboard */ = {
			isa = PBXVariantGroup;
			children = (
				493E70731FF3846D000A97A4 /* Base */,
			);
			name = LaunchScreen.storyboard;
			sourceTree = "<group>";
		};
/* End PBXVariantGroup section */

/* Begin XCBuildConfiguration section */
		493E708E1FF3846D000A97A4 /* Debug */ = {
			isa = XCBuildConfiguration;
			buildSettings = {
				ALWAYS_SEARCH_USER_PATHS = NO;
				CLANG_ANALYZER_NONNULL = YES;
				CLANG_ANALYZER_NUMBER_OBJECT_CONVERSION = YES_AGGRESSIVE;
				CLANG_CXX_LANGUAGE_STANDARD = "gnu++14";
				CLANG_CXX_LIBRARY = "libc++";
				CLANG_ENABLE_MODULES = YES;
				CLANG_ENABLE_OBJC_ARC = YES;
				CLANG_WARN_BLOCK_CAPTURE_AUTORELEASING = YES;
				CLANG_WARN_BOOL_CONVERSION = YES;
				CLANG_WARN_COMMA = YES;
				CLANG_WARN_CONSTANT_CONVERSION = YES;
				CLANG_WARN_DIRECT_OBJC_ISA_USAGE = YES_ERROR;
				CLANG_WARN_DOCUMENTATION_COMMENTS = YES;
				CLANG_WARN_EMPTY_BODY = YES;
				CLANG_WARN_ENUM_CONVERSION = YES;
				CLANG_WARN_INFINITE_RECURSION = YES;
				CLANG_WARN_INT_CONVERSION = YES;
				CLANG_WARN_NON_LITERAL_NULL_CONVERSION = YES;
				CLANG_WARN_OBJC_LITERAL_CONVERSION = YES;
				CLANG_WARN_OBJC_ROOT_CLASS = YES_ERROR;
				CLANG_WARN_RANGE_LOOP_ANALYSIS = YES;
				CLANG_WARN_STRICT_PROTOTYPES = YES;
				CLANG_WARN_SUSPICIOUS_MOVE = YES;
				CLANG_WARN_UNGUARDED_AVAILABILITY = YES_AGGRESSIVE;
				CLANG_WARN_UNREACHABLE_CODE = YES;
				CLANG_WARN__DUPLICATE_METHOD_MATCH = YES;
				CODE_SIGN_IDENTITY = "iPhone Developer";
				COPY_PHASE_STRIP = NO;
				DEBUG_INFORMATION_FORMAT = dwarf;
				ENABLE_STRICT_OBJC_MSGSEND = YES;
				ENABLE_TESTABILITY = YES;
				GCC_C_LANGUAGE_STANDARD = gnu11;
				GCC_DYNAMIC_NO_PIC = NO;
				GCC_NO_COMMON_BLOCKS = YES;
				GCC_OPTIMIZATION_LEVEL = 0;
				GCC_PREPROCESSOR_DEFINITIONS = (
					"DEBUG=1",
					"$(inherited)",
				);
				GCC_WARN_64_TO_32_BIT_CONVERSION = YES;
				GCC_WARN_ABOUT_RETURN_TYPE = YES_ERROR;
				GCC_WARN_UNDECLARED_SELECTOR = YES;
				GCC_WARN_UNINITIALIZED_AUTOS = YES_AGGRESSIVE;
				GCC_WARN_UNUSED_FUNCTION = YES;
				GCC_WARN_UNUSED_VARIABLE = YES;
				IPHONEOS_DEPLOYMENT_TARGET = 11.1;
				MTL_ENABLE_DEBUG_INFO = YES;
				ONLY_ACTIVE_ARCH = YES;
				SDKROOT = iphoneos;
			};
			name = Debug;
		};
		493E708F1FF3846D000A97A4 /* Release */ = {
			isa = XCBuildConfiguration;
			buildSettings = {
				ALWAYS_SEARCH_USER_PATHS = NO;
				CLANG_ANALYZER_NONNULL = YES;
				CLANG_ANALYZER_NUMBER_OBJECT_CONVERSION = YES_AGGRESSIVE;
				CLANG_CXX_LANGUAGE_STANDARD = "gnu++14";
				CLANG_CXX_LIBRARY = "libc++";
				CLANG_ENABLE_MODULES = YES;
				CLANG_ENABLE_OBJC_ARC = YES;
				CLANG_WARN_BLOCK_CAPTURE_AUTORELEASING = YES;
				CLANG_WARN_BOOL_CONVERSION = YES;
				CLANG_WARN_COMMA = YES;
				CLANG_WARN_CONSTANT_CONVERSION = YES;
				CLANG_WARN_DIRECT_OBJC_ISA_USAGE = YES_ERROR;
				CLANG_WARN_DOCUMENTATION_COMMENTS = YES;
				CLANG_WARN_EMPTY_BODY = YES;
				CLANG_WARN_ENUM_CONVERSION = YES;
				CLANG_WARN_INFINITE_RECURSION = YES;
				CLANG_WARN_INT_CONVERSION = YES;
				CLANG_WARN_NON_LITERAL_NULL_CONVERSION = YES;
				CLANG_WARN_OBJC_LITERAL_CONVERSION = YES;
				CLANG_WARN_OBJC_ROOT_CLASS = YES_ERROR;
				CLANG_WARN_RANGE_LOOP_ANALYSIS = YES;
				CLANG_WARN_STRICT_PROTOTYPES = YES;
				CLANG_WARN_SUSPICIOUS_MOVE = YES;
				CLANG_WARN_UNGUARDED_AVAILABILITY = YES_AGGRESSIVE;
				CLANG_WARN_UNREACHABLE_CODE = YES;
				CLANG_WARN__DUPLICATE_METHOD_MATCH = YES;
				CODE_SIGN_IDENTITY = "iPhone Developer";
				COPY_PHASE_STRIP = NO;
				DEBUG_INFORMATION_FORMAT = "dwarf-with-dsym";
				ENABLE_NS_ASSERTIONS = NO;
				ENABLE_STRICT_OBJC_MSGSEND = YES;
				GCC_C_LANGUAGE_STANDARD = gnu11;
				GCC_NO_COMMON_BLOCKS = YES;
				GCC_WARN_64_TO_32_BIT_CONVERSION = YES;
				GCC_WARN_ABOUT_RETURN_TYPE = YES_ERROR;
				GCC_WARN_UNDECLARED_SELECTOR = YES;
				GCC_WARN_UNINITIALIZED_AUTOS = YES_AGGRESSIVE;
				GCC_WARN_UNUSED_FUNCTION = YES;
				GCC_WARN_UNUSED_VARIABLE = YES;
				IPHONEOS_DEPLOYMENT_TARGET = 11.1;
				MTL_ENABLE_DEBUG_INFO = NO;
				SDKROOT = iphoneos;
				VALIDATE_PRODUCT = YES;
			};
			name = Release;
		};
		493E70911FF3846D000A97A4 /* Debug */ = {
			isa = XCBuildConfiguration;
			buildSettings = {
				ASSETCATALOG_COMPILER_APPICON_NAME = AppIcon;
				CODE_SIGN_STYLE = Automatic;
				INFOPLIST_FILE = DPGCDTimer_Demo/Info.plist;
				LD_RUNPATH_SEARCH_PATHS = "$(inherited) @executable_path/Frameworks";
				PRODUCT_BUNDLE_IDENTIFIER = "com.andrew.DPGCDTimer-Demo";
				PRODUCT_NAME = "$(TARGET_NAME)";
				TARGETED_DEVICE_FAMILY = "1,2";
			};
			name = Debug;
		};
		493E70921FF3846D000A97A4 /* Release */ = {
			isa = XCBuildConfiguration;
			buildSettings = {
				ASSETCATALOG_COMPILER_APPICON_NAME = AppIcon;
				CODE_SIGN_STYLE = Automatic;
				INFOPLIST_FILE = DPGCDTimer_Demo/Info.plist;
				LD_RUNPATH_SEARCH_PATHS = "$(inherited) @executable_path/Frameworks";
				PRODUCT_BUNDLE_IDENTIFIER = "com.andrew.DPGCDTimer-Demo";
				PRODUCT_NAME = "$(TARGET_NAME)";
				TARGETED_DEVICE_FAMILY = "1,2";
			};
			name = Release;
		};
		493E70941FF3846D000A97A4 /* Debug */ = {
			isa = XCBuildConfiguration;
			buildSettings = {
				BUNDLE_LOADER = "$(TEST_HOST)";
				CODE_SIGN_STYLE = Automatic;
				INFOPLIST_FILE = DPGCDTimer_DemoTests/Info.plist;
				LD_RUNPATH_SEARCH_PATHS = "$(inherited) @executable_path/Frameworks @loader_path/Frameworks";
				PRODUCT_BUNDLE_IDENTIFIER = "com.andrew.DPGCDTimer-DemoTests";
				PRODUCT_NAME = "$(TARGET_NAME)";
				TARGETED_DEVICE_FAMILY = "1,2";
				TEST_HOST = "$(BUILT_PRODUCTS_DIR)/DPGCDTimer_Demo.app/DPGCDTimer_Demo";
			};
			name = Debug;
		};
		493E70951FF3846D000A97A4 /* Release */ = {
			isa = XCBuildConfiguration;
			buildSettings = {
				BUNDLE_LOADER = "$(TEST_HOST)";
				CODE_SIGN_STYLE = Automatic;
				INFOPLIST_FILE = DPGCDTimer_DemoTests/Info.plist;
				LD_RUNPATH_SEARCH_PATHS = "$(inherited) @executable_path/Frameworks @loader_path/Frameworks";
				PRODUCT_BUNDLE_IDENTIFIER = "com.andrew.DPGCDTimer-DemoTests";
				PRODUCT_NAME = "$(TARGET_NAME)";
				TARGETED_DEVICE_FAMILY = "1,2";
				TEST_HOST = "$(BUILT_PRODUCTS_DIR)/DPGCDTimer_Demo.app/DPGCDTimer_Demo";
			};
			name = Release;
		};
		493E70971FF3846D000A97A4 /* Debug */ = {
			isa = XCBuildConfiguration;
			buildSettings = {
				CODE_SIGN_STYLE = Automatic;
				INFOPLIST_FILE = DPGCDTimer_DemoUITests/Info.plist;
				LD_RUNPATH_SEARCH_PATHS = "$(inherited) @executable_path/Frameworks @loader_path/Frameworks";
				PRODUCT_BUNDLE_IDENTIFIER = "com.andrew.DPGCDTimer-DemoUITests";
				PRODUCT_NAME = "$(TARGET_NAME)";
				TARGETED_DEVICE_FAMILY = "1,2";
				TEST_TARGET_NAME = DPGCDTimer_Demo;
			};
			name = Debug;
		};
		493E70981FF3846D000A97A4 /* Release */ = {
			isa = XCBuildConfiguration;
			buildSettings = {
				CODE_SIGN_STYLE = Automatic;
				INFOPLIST_FILE = DPGCDTimer_DemoUITests/Info.plist;
				LD_RUNPATH_SEARCH_PATHS = "$(inherited) @executable_path/Frameworks @loader_path/Frameworks";
				PRODUCT_BUNDLE_IDENTIFIER = "com.andrew.DPGCDTimer-DemoUITests";
				PRODUCT_NAME = "$(TARGET_NAME)";
				TARGETED_DEVICE_FAMILY = "1,2";
				TEST_TARGET_NAME = DPGCDTimer_Demo;
			};
			name = Release;
		};
/* End XCBuildConfiguration section */

/* Begin XCConfigurationList section */
		493E705F1FF3846D000A97A4 /* Build configuration list for PBXProject "DPGCDTimer_Demo" */ = {
			isa = XCConfigurationList;
			buildConfigurations = (
				493E708E1FF3846D000A97A4 /* Debug */,
				493E708F1FF3846D000A97A4 /* Release */,
			);
			defaultConfigurationIsVisible = 0;
			defaultConfigurationName = Release;
		};
		493E70901FF3846D000A97A4 /* Build configuration list for PBXNativeTarget "DPGCDTimer_Demo" */ = {
			isa = XCConfigurationList;
			buildConfigurations = (
				493E70911FF3846D000A97A4 /* Debug */,
				493E70921FF3846D000A97A4 /* Release */,
			);
			defaultConfigurationIsVisible = 0;
			defaultConfigurationName = Release;
		};
		493E70931FF3846D000A97A4 /* Build configuration list for PBXNativeTarget "DPGCDTimer_DemoTests" */ = {
			isa = XCConfigurationList;
			buildConfigurations = (
				493E70941FF3846D000A97A4 /* Debug */,
				493E70951FF3846D000A97A4 /* Release */,
			);
			defaultConfigurationIsVisible = 0;
			defaultConfigurationName = Release;
		};
		493E70961FF3846D000A97A4 /* Build configuration list for PBXNativeTarget "DPGCDTimer_DemoUITests" */ = {
			isa = XCConfigurationList;
			buildConfigurations = (
				493E70971FF3846D000A97A4 /* Debug */,
				493E70981FF3846D000A97A4 /* Release */,
			);
			defaultConfigurationIsVisible = 0;
			defaultConfigurationName = Release;
		};
/* End XCConfigurationList section */
	};
	rootObject = 493E705C1FF3846D000A97A4 /* Project object */;
}
